
Microsoft Visual Studio Solution File, Format Version 12.00
# Visual Studio Version 16
VisualStudioVersion = 16.0.31205.134
MinimumVisualStudioVersion = 10.0.40219.1
Project("{FAE04EC0-301F-11D3-BF4B-00C04F79EFBC}") = "DataBindingComboBoxEnumDemo", "DataBindingComboBoxEnumDemo.csproj", "{CF61BD6F-D1E2-477C-9D84-DCAD43605A4B}"
EndProject
Global
	GlobalSection(SolutionConfigurationPlatforms) = preSolution
		Debug|Any CPU = Debug|Any CPU
		Release|Any CPU = Release|Any CPU
	EndGlobalSection
	GlobalSection(ProjectConfigurationPlatforms) = postSolution
		{CF61BD6F-D1E2-477C-9D84-DCAD43605A4B}.Debug|Any CPU.ActiveCfg = Debug|Any CPU
		{CF61BD6F-D1E2-477C-9D84-DCAD43605A4B}.Debug|Any CPU.Build.0 = Debug|Any CPU
		{CF61BD6F-D1E2-477C-9D84-DCAD43605A4B}.Release|Any CPU.ActiveCfg = Release|Any CPU
		{CF61BD6F-D1E2-477C-9D84-DCAD43605A4B}.Release|Any CPU.Build.0 = Release|Any CPU
	EndGlobalSection
	GlobalSection(SolutionProperties) = preSolution
		HideSolutionNode = FALSE
	EndGlobalSection
	GlobalSection(ExtensibilityGlobals) = postSolution
		SolutionGuid = {CE5A2214-E63F-4CC3-AD7C-2E5FE769093F}
	EndGlobalSection
EndGlobal
