
Microsoft Visual Studio Solution File, Format Version 12.00
# Blend for Visual Studio Version 16
VisualStudioVersion = 16.0.31205.134
MinimumVisualStudioVersion = 10.0.40219.1
Project("{FAE04EC0-301F-11D3-BF4B-00C04F79EFBC}") = "OneWayDBDemo", "OneWayDBDemo.csproj", "{82773D11-B218-45DD-882A-D6843799DE7B}"
EndProject
Global
	GlobalSection(SolutionConfigurationPlatforms) = preSolution
		Debug|Any CPU = Debug|Any CPU
		Release|Any CPU = Release|Any CPU
	EndGlobalSection
	GlobalSection(ProjectConfigurationPlatforms) = postSolution
		{82773D11-B218-45DD-882A-D6843799DE7B}.Debug|Any CPU.ActiveCfg = Debug|Any CPU
		{82773D11-B218-45DD-882A-D6843799DE7B}.Debug|Any CPU.Build.0 = Debug|Any CPU
		{82773D11-B218-45DD-882A-D6843799DE7B}.Release|Any CPU.ActiveCfg = Release|Any CPU
		{82773D11-B218-45DD-882A-D6843799DE7B}.Release|Any CPU.Build.0 = Release|Any CPU
	EndGlobalSection
	GlobalSection(SolutionProperties) = preSolution
		HideSolutionNode = FALSE
	EndGlobalSection
	GlobalSection(ExtensibilityGlobals) = postSolution
		SolutionGuid = {67F589C9-2282-45CB-B71A-F14B68FC9D8D}
	EndGlobalSection
EndGlobal
