
Microsoft Visual Studio Solution File, Format Version 12.00
# Visual Studio Version 16
VisualStudioVersion = 16.0.31205.134
MinimumVisualStudioVersion = 10.0.40219.1
Project("{FAE04EC0-301F-11D3-BF4B-00C04F79EFBC}") = "RadioButtonDemo", "RadioButtonDemo.csproj", "{BAF35C21-473D-4D3A-813D-742ACC207F6A}"
EndProject
Global
	GlobalSection(SolutionConfigurationPlatforms) = preSolution
		Debug|Any CPU = Debug|Any CPU
		Release|Any CPU = Release|Any CPU
	EndGlobalSection
	GlobalSection(ProjectConfigurationPlatforms) = postSolution
		{BAF35C21-473D-4D3A-813D-742ACC207F6A}.Debug|Any CPU.ActiveCfg = Debug|Any CPU
		{BAF35C21-473D-4D3A-813D-742ACC207F6A}.Debug|Any CPU.Build.0 = Debug|Any CPU
		{BAF35C21-473D-4D3A-813D-742ACC207F6A}.Release|Any CPU.ActiveCfg = Release|Any CPU
		{BAF35C21-473D-4D3A-813D-742ACC207F6A}.Release|Any CPU.Build.0 = Release|Any CPU
	EndGlobalSection
	GlobalSection(SolutionProperties) = preSolution
		HideSolutionNode = FALSE
	EndGlobalSection
	GlobalSection(ExtensibilityGlobals) = postSolution
		SolutionGuid = {42CB0D5A-ADD1-4403-BC34-C4C1BB9B2E79}
	EndGlobalSection
EndGlobal
