
Microsoft Visual Studio Solution File, Format Version 12.00
# Visual Studio Version 16
VisualStudioVersion = 16.0.31205.134
MinimumVisualStudioVersion = 10.0.40219.1
Project("{FAE04EC0-301F-11D3-BF4B-00C04F79EFBC}") = "DatePickerDemo", "DatePickerDemo.csproj", "{C96249C7-2C5B-4EC0-98D1-3C8AC9D280DA}"
EndProject
Global
	GlobalSection(SolutionConfigurationPlatforms) = preSolution
		Debug|Any CPU = Debug|Any CPU
		Release|Any CPU = Release|Any CPU
	EndGlobalSection
	GlobalSection(ProjectConfigurationPlatforms) = postSolution
		{C96249C7-2C5B-4EC0-98D1-3C8AC9D280DA}.Debug|Any CPU.ActiveCfg = Debug|Any CPU
		{C96249C7-2C5B-4EC0-98D1-3C8AC9D280DA}.Debug|Any CPU.Build.0 = Debug|Any CPU
		{C96249C7-2C5B-4EC0-98D1-3C8AC9D280DA}.Release|Any CPU.ActiveCfg = Release|Any CPU
		{C96249C7-2C5B-4EC0-98D1-3C8AC9D280DA}.Release|Any CPU.Build.0 = Release|Any CPU
	EndGlobalSection
	GlobalSection(SolutionProperties) = preSolution
		HideSolutionNode = FALSE
	EndGlobalSection
	GlobalSection(ExtensibilityGlobals) = postSolution
		SolutionGuid = {3A3C8428-021B-47D2-A18E-66D04B398D90}
	EndGlobalSection
EndGlobal
