
Microsoft Visual Studio Solution File, Format Version 12.00
Project("{FAE04EC0-301F-11D3-BF4B-00C04F79EFBC}") = "WpfHelloWorlds", "..\0HelloWorld\WPFHelloWorld\WpfHelloWorlds\WpfHelloWorlds\WpfHelloWorlds.csproj", "{CEF90667-D5AD-410F-87A9-659A19F3E5C3}"
EndProject
Project("{FAE04EC0-301F-11D3-BF4B-00C04F79EFBC}") = "TextBlockDemo", "..\1Controls\1TextBlockToXALM\TextBlockDemo\TextBlockDemo.csproj", "{5F10B1F8-9D1E-409E-AE49-812C0ECB1C53}"
EndProject
Project("{2150E333-8FDC-42A3-9474-1A3956D46DE8}") = "0HelloWorld", "0HelloWorld", "{8A445527-E27A-474F-96E7-922901741D86}"
EndProject
Project("{2150E333-8FDC-42A3-9474-1A3956D46DE8}") = "1Controls", "1Controls", "{3AE4DC35-371E-431F-9716-67EC44E9639E}"
EndProject
Project("{FAE04EC0-301F-11D3-BF4B-00C04F79EFBC}") = "LabelDemo", "..\1Controls\2Labels\LabelDemo\LabelDemo.csproj", "{25A82D22-2163-4590-A1DF-F316E883D5B8}"
EndProject
Project("{2150E333-8FDC-42A3-9474-1A3956D46DE8}") = ".root", ".root", "{84AC9D19-37C6-40C0-9A93-CCAB694909FD}"
	ProjectSection(SolutionItems) = preProject
		..\.gitignore = ..\.gitignore
	EndProjectSection
EndProject
Project("{FAE04EC0-301F-11D3-BF4B-00C04F79EFBC}") = "TextBoxDemo", "..\1Controls\3TextBox\TextBoxDemo\TextBoxDemo.csproj", "{DE7821B0-90F1-4A06-9CBF-E2EDB76AF968}"
EndProject
Project("{FAE04EC0-301F-11D3-BF4B-00C04F79EFBC}") = "ButtonDemo", "..\1Controls\4Buttons\ButtonDemo\ButtonDemo.csproj", "{93301B2A-91CD-4E14-BA94-EE3678456050}"
EndProject
Project("{FAE04EC0-301F-11D3-BF4B-00C04F79EFBC}") = "RadioButtonDemo", "..\1Controls\5RadioButtons\RadioButtonDemo\RadioButtonDemo.csproj", "{BAF35C21-473D-4D3A-813D-742ACC207F6A}"
EndProject
Project("{FAE04EC0-301F-11D3-BF4B-00C04F79EFBC}") = "CheckBoxDemo", "..\1Controls\6CheckBox\CheckBoxDemo\CheckBoxDemo.csproj", "{A6A7FD76-558D-461F-8EFB-0CA796BF4C98}"
EndProject
Project("{FAE04EC0-301F-11D3-BF4B-00C04F79EFBC}") = "PasswordBoxDemo", "..\1Controls\7PasswordBox\PasswordBoxDemo\PasswordBoxDemo.csproj", "{0C88CC40-19CC-4153-ADAB-1A9D4609953B}"
EndProject
Project("{FAE04EC0-301F-11D3-BF4B-00C04F79EFBC}") = "ImageControlDemo", "..\1Controls\8ImageControl\ImageControlDemo\ImageControlDemo.csproj", "{A9F8772C-313A-4601-B3AB-E40ACB61DADF}"
EndProject
Project("{FAE04EC0-301F-11D3-BF4B-00C04F79EFBC}") = "SliderDemo", "..\1Controls\9Slider\SliderDemo\SliderDemo.csproj", "{E80AB65C-7F90-485A-AE79-3C303244865C}"
EndProject
Project("{FAE04EC0-301F-11D3-BF4B-00C04F79EFBC}") = "CalendarControlDemo", "..\1Controls\10Calendar\CalendarControlDemo\CalendarControlDemo.csproj", "{020118CD-4BB0-42EB-A32E-14847EB99422}"
EndProject
Project("{FAE04EC0-301F-11D3-BF4B-00C04F79EFBC}") = "DatePickerDemo", "..\1Controls\11DatePicker\DatePickerDemo\DatePickerDemo.csproj", "{C96249C7-2C5B-4EC0-98D1-3C8AC9D280DA}"
EndProject
Project("{FAE04EC0-301F-11D3-BF4B-00C04F79EFBC}") = "ExpanderDemo", "..\1Controls\12Expander\ExpanderDemo\ExpanderDemo.csproj", "{AB6FA410-6223-4036-A728-E511C9BB1335}"
EndProject
Project("{2150E333-8FDC-42A3-9474-1A3956D46DE8}") = "2Panels", "2Panels", "{9E7288FB-506B-42D8-9FB0-992FD8CB178F}"
EndProject
Global
	GlobalSection(SolutionConfigurationPlatforms) = preSolution
		Debug|Any CPU = Debug|Any CPU
		Release|Any CPU = Release|Any CPU
	EndGlobalSection
	GlobalSection(ProjectConfigurationPlatforms) = postSolution
		{CEF90667-D5AD-410F-87A9-659A19F3E5C3}.Debug|Any CPU.ActiveCfg = Debug|Any CPU
		{CEF90667-D5AD-410F-87A9-659A19F3E5C3}.Debug|Any CPU.Build.0 = Debug|Any CPU
		{CEF90667-D5AD-410F-87A9-659A19F3E5C3}.Release|Any CPU.ActiveCfg = Release|Any CPU
		{CEF90667-D5AD-410F-87A9-659A19F3E5C3}.Release|Any CPU.Build.0 = Release|Any CPU
		{5F10B1F8-9D1E-409E-AE49-812C0ECB1C53}.Debug|Any CPU.ActiveCfg = Debug|Any CPU
		{5F10B1F8-9D1E-409E-AE49-812C0ECB1C53}.Debug|Any CPU.Build.0 = Debug|Any CPU
		{5F10B1F8-9D1E-409E-AE49-812C0ECB1C53}.Release|Any CPU.ActiveCfg = Release|Any CPU
		{5F10B1F8-9D1E-409E-AE49-812C0ECB1C53}.Release|Any CPU.Build.0 = Release|Any CPU
		{25A82D22-2163-4590-A1DF-F316E883D5B8}.Debug|Any CPU.ActiveCfg = Debug|Any CPU
		{25A82D22-2163-4590-A1DF-F316E883D5B8}.Debug|Any CPU.Build.0 = Debug|Any CPU
		{25A82D22-2163-4590-A1DF-F316E883D5B8}.Release|Any CPU.ActiveCfg = Release|Any CPU
		{25A82D22-2163-4590-A1DF-F316E883D5B8}.Release|Any CPU.Build.0 = Release|Any CPU
		{DE7821B0-90F1-4A06-9CBF-E2EDB76AF968}.Debug|Any CPU.ActiveCfg = Debug|Any CPU
		{DE7821B0-90F1-4A06-9CBF-E2EDB76AF968}.Debug|Any CPU.Build.0 = Debug|Any CPU
		{DE7821B0-90F1-4A06-9CBF-E2EDB76AF968}.Release|Any CPU.ActiveCfg = Release|Any CPU
		{DE7821B0-90F1-4A06-9CBF-E2EDB76AF968}.Release|Any CPU.Build.0 = Release|Any CPU
		{93301B2A-91CD-4E14-BA94-EE3678456050}.Debug|Any CPU.ActiveCfg = Debug|Any CPU
		{93301B2A-91CD-4E14-BA94-EE3678456050}.Debug|Any CPU.Build.0 = Debug|Any CPU
		{93301B2A-91CD-4E14-BA94-EE3678456050}.Release|Any CPU.ActiveCfg = Release|Any CPU
		{93301B2A-91CD-4E14-BA94-EE3678456050}.Release|Any CPU.Build.0 = Release|Any CPU
		{BAF35C21-473D-4D3A-813D-742ACC207F6A}.Debug|Any CPU.ActiveCfg = Debug|Any CPU
		{BAF35C21-473D-4D3A-813D-742ACC207F6A}.Debug|Any CPU.Build.0 = Debug|Any CPU
		{BAF35C21-473D-4D3A-813D-742ACC207F6A}.Release|Any CPU.ActiveCfg = Release|Any CPU
		{BAF35C21-473D-4D3A-813D-742ACC207F6A}.Release|Any CPU.Build.0 = Release|Any CPU
		{A6A7FD76-558D-461F-8EFB-0CA796BF4C98}.Debug|Any CPU.ActiveCfg = Debug|Any CPU
		{A6A7FD76-558D-461F-8EFB-0CA796BF4C98}.Debug|Any CPU.Build.0 = Debug|Any CPU
		{A6A7FD76-558D-461F-8EFB-0CA796BF4C98}.Release|Any CPU.ActiveCfg = Release|Any CPU
		{A6A7FD76-558D-461F-8EFB-0CA796BF4C98}.Release|Any CPU.Build.0 = Release|Any CPU
		{0C88CC40-19CC-4153-ADAB-1A9D4609953B}.Debug|Any CPU.ActiveCfg = Debug|Any CPU
		{0C88CC40-19CC-4153-ADAB-1A9D4609953B}.Debug|Any CPU.Build.0 = Debug|Any CPU
		{0C88CC40-19CC-4153-ADAB-1A9D4609953B}.Release|Any CPU.ActiveCfg = Release|Any CPU
		{0C88CC40-19CC-4153-ADAB-1A9D4609953B}.Release|Any CPU.Build.0 = Release|Any CPU
		{A9F8772C-313A-4601-B3AB-E40ACB61DADF}.Debug|Any CPU.ActiveCfg = Debug|Any CPU
		{A9F8772C-313A-4601-B3AB-E40ACB61DADF}.Debug|Any CPU.Build.0 = Debug|Any CPU
		{A9F8772C-313A-4601-B3AB-E40ACB61DADF}.Release|Any CPU.ActiveCfg = Release|Any CPU
		{A9F8772C-313A-4601-B3AB-E40ACB61DADF}.Release|Any CPU.Build.0 = Release|Any CPU
		{E80AB65C-7F90-485A-AE79-3C303244865C}.Debug|Any CPU.ActiveCfg = Debug|Any CPU
		{E80AB65C-7F90-485A-AE79-3C303244865C}.Debug|Any CPU.Build.0 = Debug|Any CPU
		{E80AB65C-7F90-485A-AE79-3C303244865C}.Release|Any CPU.ActiveCfg = Release|Any CPU
		{E80AB65C-7F90-485A-AE79-3C303244865C}.Release|Any CPU.Build.0 = Release|Any CPU
		{020118CD-4BB0-42EB-A32E-14847EB99422}.Debug|Any CPU.ActiveCfg = Debug|Any CPU
		{020118CD-4BB0-42EB-A32E-14847EB99422}.Debug|Any CPU.Build.0 = Debug|Any CPU
		{020118CD-4BB0-42EB-A32E-14847EB99422}.Release|Any CPU.ActiveCfg = Release|Any CPU
		{020118CD-4BB0-42EB-A32E-14847EB99422}.Release|Any CPU.Build.0 = Release|Any CPU
		{C96249C7-2C5B-4EC0-98D1-3C8AC9D280DA}.Debug|Any CPU.ActiveCfg = Debug|Any CPU
		{C96249C7-2C5B-4EC0-98D1-3C8AC9D280DA}.Debug|Any CPU.Build.0 = Debug|Any CPU
		{C96249C7-2C5B-4EC0-98D1-3C8AC9D280DA}.Release|Any CPU.ActiveCfg = Release|Any CPU
		{C96249C7-2C5B-4EC0-98D1-3C8AC9D280DA}.Release|Any CPU.Build.0 = Release|Any CPU
		{AB6FA410-6223-4036-A728-E511C9BB1335}.Debug|Any CPU.ActiveCfg = Debug|Any CPU
		{AB6FA410-6223-4036-A728-E511C9BB1335}.Debug|Any CPU.Build.0 = Debug|Any CPU
		{AB6FA410-6223-4036-A728-E511C9BB1335}.Release|Any CPU.ActiveCfg = Release|Any CPU
		{AB6FA410-6223-4036-A728-E511C9BB1335}.Release|Any CPU.Build.0 = Release|Any CPU
	EndGlobalSection
	GlobalSection(NestedProjects) = preSolution
		{CEF90667-D5AD-410F-87A9-659A19F3E5C3} = {8A445527-E27A-474F-96E7-922901741D86}
		{5F10B1F8-9D1E-409E-AE49-812C0ECB1C53} = {3AE4DC35-371E-431F-9716-67EC44E9639E}
		{25A82D22-2163-4590-A1DF-F316E883D5B8} = {3AE4DC35-371E-431F-9716-67EC44E9639E}
		{DE7821B0-90F1-4A06-9CBF-E2EDB76AF968} = {3AE4DC35-371E-431F-9716-67EC44E9639E}
		{93301B2A-91CD-4E14-BA94-EE3678456050} = {3AE4DC35-371E-431F-9716-67EC44E9639E}
		{BAF35C21-473D-4D3A-813D-742ACC207F6A} = {3AE4DC35-371E-431F-9716-67EC44E9639E}
		{A6A7FD76-558D-461F-8EFB-0CA796BF4C98} = {3AE4DC35-371E-431F-9716-67EC44E9639E}
		{0C88CC40-19CC-4153-ADAB-1A9D4609953B} = {3AE4DC35-371E-431F-9716-67EC44E9639E}
		{A9F8772C-313A-4601-B3AB-E40ACB61DADF} = {3AE4DC35-371E-431F-9716-67EC44E9639E}
		{E80AB65C-7F90-485A-AE79-3C303244865C} = {3AE4DC35-371E-431F-9716-67EC44E9639E}
		{020118CD-4BB0-42EB-A32E-14847EB99422} = {3AE4DC35-371E-431F-9716-67EC44E9639E}
		{C96249C7-2C5B-4EC0-98D1-3C8AC9D280DA} = {3AE4DC35-371E-431F-9716-67EC44E9639E}
		{AB6FA410-6223-4036-A728-E511C9BB1335} = {3AE4DC35-371E-431F-9716-67EC44E9639E}
	EndGlobalSection
EndGlobal
