
Microsoft Visual Studio Solution File, Format Version 12.00
# Visual Studio Version 16
VisualStudioVersion = 16.0.31205.134
MinimumVisualStudioVersion = 10.0.40219.1
Project("{FAE04EC0-301F-11D3-BF4B-00C04F79EFBC}") = "TextBoxDemo", "TextBoxDemo.csproj", "{DE7821B0-90F1-4A06-9CBF-E2EDB76AF968}"
EndProject
Global
	GlobalSection(SolutionConfigurationPlatforms) = preSolution
		Debug|Any CPU = Debug|Any CPU
		Release|Any CPU = Release|Any CPU
	EndGlobalSection
	GlobalSection(ProjectConfigurationPlatforms) = postSolution
		{DE7821B0-90F1-4A06-9CBF-E2EDB76AF968}.Debug|Any CPU.ActiveCfg = Debug|Any CPU
		{DE7821B0-90F1-4A06-9CBF-E2EDB76AF968}.Debug|Any CPU.Build.0 = Debug|Any CPU
		{DE7821B0-90F1-4A06-9CBF-E2EDB76AF968}.Release|Any CPU.ActiveCfg = Release|Any CPU
		{DE7821B0-90F1-4A06-9CBF-E2EDB76AF968}.Release|Any CPU.Build.0 = Release|Any CPU
	EndGlobalSection
	GlobalSection(SolutionProperties) = preSolution
		HideSolutionNode = FALSE
	EndGlobalSection
	GlobalSection(ExtensibilityGlobals) = postSolution
		SolutionGuid = {9DFDFEC1-2787-4751-B317-7B0D68C9565F}
	EndGlobalSection
EndGlobal
