
Microsoft Visual Studio Solution File, Format Version 12.00
# Visual Studio Version 16
VisualStudioVersion = 16.0.31205.134
MinimumVisualStudioVersion = 10.0.40219.1
Project("{FAE04EC0-301F-11D3-BF4B-00C04F79EFBC}") = "TextBlockDemo", "TextBlockDemo.csproj", "{5F10B1F8-9D1E-409E-AE49-812C0ECB1C53}"
EndProject
Global
	GlobalSection(SolutionConfigurationPlatforms) = preSolution
		Debug|Any CPU = Debug|Any CPU
		Release|Any CPU = Release|Any CPU
	EndGlobalSection
	GlobalSection(ProjectConfigurationPlatforms) = postSolution
		{5F10B1F8-9D1E-409E-AE49-812C0ECB1C53}.Debug|Any CPU.ActiveCfg = Debug|Any CPU
		{5F10B1F8-9D1E-409E-AE49-812C0ECB1C53}.Debug|Any CPU.Build.0 = Debug|Any CPU
		{5F10B1F8-9D1E-409E-AE49-812C0ECB1C53}.Release|Any CPU.ActiveCfg = Release|Any CPU
		{5F10B1F8-9D1E-409E-AE49-812C0ECB1C53}.Release|Any CPU.Build.0 = Release|Any CPU
	EndGlobalSection
	GlobalSection(SolutionProperties) = preSolution
		HideSolutionNode = FALSE
	EndGlobalSection
	GlobalSection(ExtensibilityGlobals) = postSolution
		SolutionGuid = {1C9285E3-A454-416E-8992-27F3189921B9}
	EndGlobalSection
EndGlobal
