
Microsoft Visual Studio Solution File, Format Version 12.00
# Visual Studio Version 16
VisualStudioVersion = 16.0.31205.134
MinimumVisualStudioVersion = 10.0.40219.1
Project("{FAE04EC0-301F-11D3-BF4B-00C04F79EFBC}") = "CheckBoxDemo", "CheckBoxDemo.csproj", "{A6A7FD76-558D-461F-8EFB-0CA796BF4C98}"
EndProject
Global
	GlobalSection(SolutionConfigurationPlatforms) = preSolution
		Debug|Any CPU = Debug|Any CPU
		Release|Any CPU = Release|Any CPU
	EndGlobalSection
	GlobalSection(ProjectConfigurationPlatforms) = postSolution
		{A6A7FD76-558D-461F-8EFB-0CA796BF4C98}.Debug|Any CPU.ActiveCfg = Debug|Any CPU
		{A6A7FD76-558D-461F-8EFB-0CA796BF4C98}.Debug|Any CPU.Build.0 = Debug|Any CPU
		{A6A7FD76-558D-461F-8EFB-0CA796BF4C98}.Release|Any CPU.ActiveCfg = Release|Any CPU
		{A6A7FD76-558D-461F-8EFB-0CA796BF4C98}.Release|Any CPU.Build.0 = Release|Any CPU
	EndGlobalSection
	GlobalSection(SolutionProperties) = preSolution
		HideSolutionNode = FALSE
	EndGlobalSection
	GlobalSection(ExtensibilityGlobals) = postSolution
		SolutionGuid = {05251734-DA9A-440F-B972-10723D85A3FD}
	EndGlobalSection
EndGlobal
