
Microsoft Visual Studio Solution File, Format Version 12.00
# Visual Studio Version 16
VisualStudioVersion = 16.0.31205.134
MinimumVisualStudioVersion = 10.0.40219.1
Project("{FAE04EC0-301F-11D3-BF4B-00C04F79EFBC}") = "DatabindingnoODP", "DatabindingnoODP.csproj", "{93FABBE7-6DD1-44A6-912C-265F479F2380}"
EndProject
Global
	GlobalSection(SolutionConfigurationPlatforms) = preSolution
		Debug|Any CPU = Debug|Any CPU
		Release|Any CPU = Release|Any CPU
	EndGlobalSection
	GlobalSection(ProjectConfigurationPlatforms) = postSolution
		{93FABBE7-6DD1-44A6-912C-265F479F2380}.Debug|Any CPU.ActiveCfg = Debug|Any CPU
		{93FABBE7-6DD1-44A6-912C-265F479F2380}.Debug|Any CPU.Build.0 = Debug|Any CPU
		{93FABBE7-6DD1-44A6-912C-265F479F2380}.Release|Any CPU.ActiveCfg = Release|Any CPU
		{93FABBE7-6DD1-44A6-912C-265F479F2380}.Release|Any CPU.Build.0 = Release|Any CPU
	EndGlobalSection
	GlobalSection(SolutionProperties) = preSolution
		HideSolutionNode = FALSE
	EndGlobalSection
	GlobalSection(ExtensibilityGlobals) = postSolution
		SolutionGuid = {0C801F98-53A3-4814-9B57-7F5714B2CE14}
	EndGlobalSection
EndGlobal
